
Microsoft Visual Studio Solution File, Format Version 12.00
# Visual Studio Version 17
VisualStudioVersion = 17.9.34728.123
MinimumVisualStudioVersion = 10.0.40219.1
Project("{FAE04EC0-301F-11D3-BF4B-00C04F79EFBC}") = "StroitelnyProdajnik", "StroitelnyProdajnik\StroitelnyProdajnik.csproj", "{625BA5EE-1B17-44C3-90F6-0B8A4B7C9C1A}"
EndProject
Global
	GlobalSection(SolutionConfigurationPlatforms) = preSolution
		Debug|Any CPU = Debug|Any CPU
		Release|Any CPU = Release|Any CPU
	EndGlobalSection
	GlobalSection(ProjectConfigurationPlatforms) = postSolution
		{625BA5EE-1B17-44C3-90F6-0B8A4B7C9C1A}.Debug|Any CPU.ActiveCfg = Debug|Any CPU
		{625BA5EE-1B17-44C3-90F6-0B8A4B7C9C1A}.Debug|Any CPU.Build.0 = Debug|Any CPU
		{625BA5EE-1B17-44C3-90F6-0B8A4B7C9C1A}.Release|Any CPU.ActiveCfg = Release|Any CPU
		{625BA5EE-1B17-44C3-90F6-0B8A4B7C9C1A}.Release|Any CPU.Build.0 = Release|Any CPU
	EndGlobalSection
	GlobalSection(SolutionProperties) = preSolution
		HideSolutionNode = FALSE
	EndGlobalSection
	GlobalSection(ExtensibilityGlobals) = postSolution
		SolutionGuid = {1835518B-64B0-4CAD-A543-AAB6312A75D5}
	EndGlobalSection
EndGlobal
